// !$*UTF8*$!
{
	archiveVersion = 1;
	classes = {
	};
	objectVersion = 56;
	objects = {

/* Begin PBXBuildFile section */
		1D02ED72296E79FA00F02C81 /* CircularProgressView.swift in Sources */ = {isa = PBXBuildFile; fileRef = 1D02ED71296E79FA00F02C81 /* CircularProgressView.swift */; };
		1D02ED74296E7A5C00F02C81 /* LinearProgressView.swift in Sources */ = {isa = PBXBuildFile; fileRef = 1D02ED73296E7A5C00F02C81 /* LinearProgressView.swift */; };
		1D02ED76296E7A9A00F02C81 /* GaugeProgressView.swift in Sources */ = {isa = PBXBuildFile; fileRef = 1D02ED75296E7A9A00F02C81 /* GaugeProgressView.swift */; };
		1D02ED78296E7ADF00F02C81 /* ActivityIndicator.swift in Sources */ = {isa = PBXBuildFile; fileRef = 1D02ED77296E7ADF00F02C81 /* ActivityIndicator.swift */; };
		1D02ED7A296E7B0000F02C81 /* ActivityIndicatorView.swift in Sources */ = {isa = PBXBuildFile; fileRef = 1D02ED79296E7B0000F02C81 /* ActivityIndicatorView.swift */; };
		1D80D41E296E788800E0B050 /* progressviewApp.swift in Sources */ = {isa = PBXBuildFile; fileRef = 1D80D41D296E788800E0B050 /* progressviewApp.swift */; };
		1D80D420296E788800E0B050 /* ContentView.swift in Sources */ = {isa = PBXBuildFile; fileRef = 1D80D41F296E788800E0B050 /* ContentView.swift */; };
		1D80D422296E788B00E0B050 /* Assets.xcassets in Resources */ = {isa = PBXBuildFile; fileRef = 1D80D421296E788B00E0B050 /* Assets.xcassets */; };
		1D80D425296E788B00E0B050 /* Preview Assets.xcassets in Resources */ = {isa = PBXBuildFile; fileRef = 1D80D424296E788B00E0B050 /* Preview Assets.xcassets */; };
		1D80D42F296E788C00E0B050 /* progressviewTests.swift in Sources */ = {isa = PBXBuildFile; fileRef = 1D80D42E296E788C00E0B050 /* progressviewTests.swift */; };
		1D80D439296E788C00E0B050 /* progressviewUITests.swift in Sources */ = {isa = PBXBuildFile; fileRef = 1D80D438296E788C00E0B050 /* progressviewUITests.swift */; };
		1D80D43B296E788C00E0B050 /* progressviewUITestsLaunchTests.swift in Sources */ = {isa = PBXBuildFile; fileRef = 1D80D43A296E788C00E0B050 /* progressviewUITestsLaunchTests.swift */; };
/* End PBXBuildFile section */

/* Begin PBXContainerItemProxy section */
		1D80D42B296E788C00E0B050 /* PBXContainerItemProxy */ = {
			isa = PBXContainerItemProxy;
			containerPortal = 1D80D412296E788800E0B050 /* Project object */;
			proxyType = 1;
			remoteGlobalIDString = 1D80D419296E788800E0B050;
			remoteInfo = progressview;
		};
		1D80D435296E788C00E0B050 /* PBXContainerItemProxy */ = {
			isa = PBXContainerItemProxy;
			containerPortal = 1D80D412296E788800E0B050 /* Project object */;
			proxyType = 1;
			remoteGlobalIDString = 1D80D419296E788800E0B050;
			remoteInfo = progressview;
		};
/* End PBXContainerItemProxy section */

/* Begin PBXFileReference section */
		1D02ED71296E79FA00F02C81 /* CircularProgressView.swift */ = {isa = PBXFileReference; lastKnownFileType = sourcecode.swift; path = CircularProgressView.swift; sourceTree = "<group>"; };
		1D02ED73296E7A5C00F02C81 /* LinearProgressView.swift */ = {isa = PBXFileReference; lastKnownFileType = sourcecode.swift; path = LinearProgressView.swift; sourceTree = "<group>"; };
		1D02ED75296E7A9A00F02C81 /* GaugeProgressView.swift */ = {isa = PBXFileReference; lastKnownFileType = sourcecode.swift; path = GaugeProgressView.swift; sourceTree = "<group>"; };
		1D02ED77296E7ADF00F02C81 /* ActivityIndicator.swift */ = {isa = PBXFileReference; lastKnownFileType = sourcecode.swift; path = ActivityIndicator.swift; sourceTree = "<group>"; };
		1D02ED79296E7B0000F02C81 /* ActivityIndicatorView.swift */ = {isa = PBXFileReference; lastKnownFileType = sourcecode.swift; path = ActivityIndicatorView.swift; sourceTree = "<group>"; };
		1D80D41A296E788800E0B050 /* progressview.app */ = {isa = PBXFileReference; explicitFileType = wrapper.application; includeInIndex = 0; path = progressview.app; sourceTree = BUILT_PRODUCTS_DIR; };
		1D80D41D296E788800E0B050 /* progressviewApp.swift */ = {isa = PBXFileReference; lastKnownFileType = sourcecode.swift; path = progressviewApp.swift; sourceTree = "<group>"; };
		1D80D41F296E788800E0B050 /* ContentView.swift */ = {isa = PBXFileReference; lastKnownFileType = sourcecode.swift; path = ContentView.swift; sourceTree = "<group>"; };
		1D80D421296E788B00E0B050 /* Assets.xcassets */ = {isa = PBXFileReference; lastKnownFileType = folder.assetcatalog; path = Assets.xcassets; sourceTree = "<group>"; };
		1D80D424296E788B00E0B050 /* Preview Assets.xcassets */ = {isa = PBXFileReference; lastKnownFileType = folder.assetcatalog; path = "Preview Assets.xcassets"; sourceTree = "<group>"; };
		1D80D42A296E788C00E0B050 /* progressviewTests.xctest */ = {isa = PBXFileReference; explicitFileType = wrapper.cfbundle; includeInIndex = 0; path = progressviewTests.xctest; sourceTree = BUILT_PRODUCTS_DIR; };
		1D80D42E296E788C00E0B050 /* progressviewTests.swift */ = {isa = PBXFileReference; lastKnownFileType = sourcecode.swift; path = progressviewTests.swift; sourceTree = "<group>"; };
		1D80D434296E788C00E0B050 /* progressviewUITests.xctest */ = {isa = PBXFileReference; explicitFileType = wrapper.cfbundle; includeInIndex = 0; path = progressviewUITests.xctest; sourceTree = BUILT_PRODUCTS_DIR; };
		1D80D438296E788C00E0B050 /* progressviewUITests.swift */ = {isa = PBXFileReference; lastKnownFileType = sourcecode.swift; path = progressviewUITests.swift; sourceTree = "<group>"; };
		1D80D43A296E788C00E0B050 /* progressviewUITestsLaunchTests.swift */ = {isa = PBXFileReference; lastKnownFileType = sourcecode.swift; path = progressviewUITestsLaunchTests.swift; sourceTree = "<group>"; };
/* End PBXFileReference section */

/* Begin PBXFrameworksBuildPhase section */
		1D80D417296E788800E0B050 /* Frameworks */ = {
			isa = PBXFrameworksBuildPhase;
			buildActionMask = 2147483647;
			files = (
			);
			runOnlyForDeploymentPostprocessing = 0;
		};
		1D80D427296E788C00E0B050 /* Frameworks */ = {
			isa = PBXFrameworksBuildPhase;
			buildActionMask = 2147483647;
			files = (
			);
			runOnlyForDeploymentPostprocessing = 0;
		};
		1D80D431296E788C00E0B050 /* Frameworks */ = {
			isa = PBXFrameworksBuildPhase;
			buildActionMask = 2147483647;
			files = (
			);
			runOnlyForDeploymentPostprocessing = 0;
		};
/* End PBXFrameworksBuildPhase section */

/* Begin PBXGroup section */
		1D02ED7B296E7B3000F02C81 /* View */ = {
			isa = PBXGroup;
			children = (
				1D02ED77296E7ADF00F02C81 /* ActivityIndicator.swift */,
				1D02ED79296E7B0000F02C81 /* ActivityIndicatorView.swift */,
				1D02ED71296E79FA00F02C81 /* CircularProgressView.swift */,
				1D80D41F296E788800E0B050 /* ContentView.swift */,
				1D02ED75296E7A9A00F02C81 /* GaugeProgressView.swift */,
				1D02ED73296E7A5C00F02C81 /* LinearProgressView.swift */,
			);
			path = View;
			sourceTree = "<group>";
		};
		1D80D411296E788800E0B050 = {
			isa = PBXGroup;
			children = (
				1D80D41C296E788800E0B050 /* progressview */,
				1D80D42D296E788C00E0B050 /* progressviewTests */,
				1D80D437296E788C00E0B050 /* progressviewUITests */,
				1D80D41B296E788800E0B050 /* Products */,
			);
			sourceTree = "<group>";
		};
		1D80D41B296E788800E0B050 /* Products */ = {
			isa = PBXGroup;
			children = (
				1D80D41A296E788800E0B050 /* progressview.app */,
				1D80D42A296E788C00E0B050 /* progressviewTests.xctest */,
				1D80D434296E788C00E0B050 /* progressviewUITests.xctest */,
			);
			name = Products;
			sourceTree = "<group>";
		};
		1D80D41C296E788800E0B050 /* progressview */ = {
			isa = PBXGroup;
			children = (
				1D02ED7B296E7B3000F02C81 /* View */,
				1D80D41D296E788800E0B050 /* progressviewApp.swift */,
				1D80D421296E788B00E0B050 /* Assets.xcassets */,
				1D80D423296E788B00E0B050 /* Preview Content */,
			);
			path = progressview;
			sourceTree = "<group>";
		};
		1D80D423296E788B00E0B050 /* Preview Content */ = {
			isa = PBXGroup;
			children = (
				1D80D424296E788B00E0B050 /* Preview Assets.xcassets */,
			);
			path = "Preview Content";
			sourceTree = "<group>";
		};
		1D80D42D296E788C00E0B050 /* progressviewTests */ = {
			isa = PBXGroup;
			children = (
				1D80D42E296E788C00E0B050 /* progressviewTests.swift */,
			);
			path = progressviewTests;
			sourceTree = "<group>";
		};
		1D80D437296E788C00E0B050 /* progressviewUITests */ = {
			isa = PBXGroup;
			children = (
				1D80D438296E788C00E0B050 /* progressviewUITests.swift */,
				1D80D43A296E788C00E0B050 /* progressviewUITestsLaunchTests.swift */,
			);
			path = progressviewUITests;
			sourceTree = "<group>";
		};
/* End PBXGroup section */

/* Begin PBXNativeTarget section */
		1D80D419296E788800E0B050 /* progressview */ = {
			isa = PBXNativeTarget;
			buildConfigurationList = 1D80D43E296E788C00E0B050 /* Build configuration list for PBXNativeTarget "progressview" */;
			buildPhases = (
				1D80D416296E788800E0B050 /* Sources */,
				1D80D417296E788800E0B050 /* Frameworks */,
				1D80D418296E788800E0B050 /* Resources */,
			);
			buildRules = (
			);
			dependencies = (
			);
			name = progressview;
			productName = progressview;
			productReference = 1D80D41A296E788800E0B050 /* progressview.app */;
			productType = "com.apple.product-type.application";
		};
		1D80D429296E788C00E0B050 /* progressviewTests */ = {
			isa = PBXNativeTarget;
			buildConfigurationList = 1D80D441296E788C00E0B050 /* Build configuration list for PBXNativeTarget "progressviewTests" */;
			buildPhases = (
				1D80D426296E788C00E0B050 /* Sources */,
				1D80D427296E788C00E0B050 /* Frameworks */,
				1D80D428296E788C00E0B050 /* Resources */,
			);
			buildRules = (
			);
			dependencies = (
				1D80D42C296E788C00E0B050 /* PBXTargetDependency */,
			);
			name = progressviewTests;
			productName = progressviewTests;
			productReference = 1D80D42A296E788C00E0B050 /* progressviewTests.xctest */;
			productType = "com.apple.product-type.bundle.unit-test";
		};
		1D80D433296E788C00E0B050 /* progressviewUITests */ = {
			isa = PBXNativeTarget;
			buildConfigurationList = 1D80D444296E788C00E0B050 /* Build configuration list for PBXNativeTarget "progressviewUITests" */;
			buildPhases = (
				1D80D430296E788C00E0B050 /* Sources */,
				1D80D431296E788C00E0B050 /* Frameworks */,
				1D80D432296E788C00E0B050 /* Resources */,
			);
			buildRules = (
			);
			dependencies = (
				1D80D436296E788C00E0B050 /* PBXTargetDependency */,
			);
			name = progressviewUITests;
			productName = progressviewUITests;
			productReference = 1D80D434296E788C00E0B050 /* progressviewUITests.xctest */;
			productType = "com.apple.product-type.bundle.ui-testing";
		};
/* End PBXNativeTarget section */

/* Begin PBXProject section */
		1D80D412296E788800E0B050 /* Project object */ = {
			isa = PBXProject;
			attributes = {
				BuildIndependentTargetsInParallel = 1;
				LastSwiftUpdateCheck = 1420;
				LastUpgradeCheck = 1420;
				TargetAttributes = {
					1D80D419296E788800E0B050 = {
						CreatedOnToolsVersion = 14.2;
					};
					1D80D429296E788C00E0B050 = {
						CreatedOnToolsVersion = 14.2;
						TestTargetID = 1D80D419296E788800E0B050;
					};
					1D80D433296E788C00E0B050 = {
						CreatedOnToolsVersion = 14.2;
						TestTargetID = 1D80D419296E788800E0B050;
					};
				};
			};
			buildConfigurationList = 1D80D415296E788800E0B050 /* Build configuration list for PBXProject "progressview" */;
			compatibilityVersion = "Xcode 14.0";
			developmentRegion = en;
			hasScannedForEncodings = 0;
			knownRegions = (
				en,
				Base,
			);
			mainGroup = 1D80D411296E788800E0B050;
			productRefGroup = 1D80D41B296E788800E0B050 /* Products */;
			projectDirPath = "";
			projectRoot = "";
			targets = (
				1D80D419296E788800E0B050 /* progressview */,
				1D80D429296E788C00E0B050 /* progressviewTests */,
				1D80D433296E788C00E0B050 /* progressviewUITests */,
			);
		};
/* End PBXProject section */

/* Begin PBXResourcesBuildPhase section */
		1D80D418296E788800E0B050 /* Resources */ = {
			isa = PBXResourcesBuildPhase;
			buildActionMask = 2147483647;
			files = (
				1D80D425296E788B00E0B050 /* Preview Assets.xcassets in Resources */,
				1D80D422296E788B00E0B050 /* Assets.xcassets in Resources */,
			);
			runOnlyForDeploymentPostprocessing = 0;
		};
		1D80D428296E788C00E0B050 /* Resources */ = {
			isa = PBXResourcesBuildPhase;
			buildActionMask = 2147483647;
			files = (
			);
			runOnlyForDeploymentPostprocessing = 0;
		};
		1D80D432296E788C00E0B050 /* Resources */ = {
			isa = PBXResourcesBuildPhase;
			buildActionMask = 2147483647;
			files = (
			);
			runOnlyForDeploymentPostprocessing = 0;
		};
/* End PBXResourcesBuildPhase section */

/* Begin PBXSourcesBuildPhase section */
		1D80D416296E788800E0B050 /* Sources */ = {
			isa = PBXSourcesBuildPhase;
			buildActionMask = 2147483647;
			files = (
				1D80D420296E788800E0B050 /* ContentView.swift in Sources */,
				1D02ED72296E79FA00F02C81 /* CircularProgressView.swift in Sources */,
				1D02ED74296E7A5C00F02C81 /* LinearProgressView.swift in Sources */,
				1D80D41E296E788800E0B050 /* progressviewApp.swift in Sources */,
				1D02ED78296E7ADF00F02C81 /* ActivityIndicator.swift in Sources */,
				1D02ED76296E7A9A00F02C81 /* GaugeProgressView.swift in Sources */,
				1D02ED7A296E7B0000F02C81 /* ActivityIndicatorView.swift in Sources */,
			);
			runOnlyForDeploymentPostprocessing = 0;
		};
		1D80D426296E788C00E0B050 /* Sources */ = {
			isa = PBXSourcesBuildPhase;
			buildActionMask = 2147483647;
			files = (
				1D80D42F296E788C00E0B050 /* progressviewTests.swift in Sources */,
			);
			runOnlyForDeploymentPostprocessing = 0;
		};
		1D80D430296E788C00E0B050 /* Sources */ = {
			isa = PBXSourcesBuildPhase;
			buildActionMask = 2147483647;
			files = (
				1D80D43B296E788C00E0B050 /* progressviewUITestsLaunchTests.swift in Sources */,
				1D80D439296E788C00E0B050 /* progressviewUITests.swift in Sources */,
			);
			runOnlyForDeploymentPostprocessing = 0;
		};
/* End PBXSourcesBuildPhase section */

/* Begin PBXTargetDependency section */
		1D80D42C296E788C00E0B050 /* PBXTargetDependency */ = {
			isa = PBXTargetDependency;
			target = 1D80D419296E788800E0B050 /* progressview */;
			targetProxy = 1D80D42B296E788C00E0B050 /* PBXContainerItemProxy */;
		};
		1D80D436296E788C00E0B050 /* PBXTargetDependency */ = {
			isa = PBXTargetDependency;
			target = 1D80D419296E788800E0B050 /* progressview */;
			targetProxy = 1D80D435296E788C00E0B050 /* PBXContainerItemProxy */;
		};
/* End PBXTargetDependency section */

/* Begin XCBuildConfiguration section */
		1D80D43C296E788C00E0B050 /* Debug */ = {
			isa = XCBuildConfiguration;
			buildSettings = {
				ALWAYS_SEARCH_USER_PATHS = NO;
				CLANG_ANALYZER_NONNULL = YES;
				CLANG_ANALYZER_NUMBER_OBJECT_CONVERSION = YES_AGGRESSIVE;
				CLANG_CXX_LANGUAGE_STANDARD = "gnu++20";
				CLANG_ENABLE_MODULES = YES;
				CLANG_ENABLE_OBJC_ARC = YES;
				CLANG_ENABLE_OBJC_WEAK = YES;
				CLANG_WARN_BLOCK_CAPTURE_AUTORELEASING = YES;
				CLANG_WARN_BOOL_CONVERSION = YES;
				CLANG_WARN_COMMA = YES;
				CLANG_WARN_CONSTANT_CONVERSION = YES;
				CLANG_WARN_DEPRECATED_OBJC_IMPLEMENTATIONS = YES;
				CLANG_WARN_DIRECT_OBJC_ISA_USAGE = YES_ERROR;
				CLANG_WARN_DOCUMENTATION_COMMENTS = YES;
				CLANG_WARN_EMPTY_BODY = YES;
				CLANG_WARN_ENUM_CONVERSION = YES;
				CLANG_WARN_INFINITE_RECURSION = YES;
				CLANG_WARN_INT_CONVERSION = YES;
				CLANG_WARN_NON_LITERAL_NULL_CONVERSION = YES;
				CLANG_WARN_OBJC_IMPLICIT_RETAIN_SELF = YES;
				CLANG_WARN_OBJC_LITERAL_CONVERSION = YES;
				CLANG_WARN_OBJC_ROOT_CLASS = YES_ERROR;
				CLANG_WARN_QUOTED_INCLUDE_IN_FRAMEWORK_HEADER = YES;
				CLANG_WARN_RANGE_LOOP_ANALYSIS = YES;
				CLANG_WARN_STRICT_PROTOTYPES = YES;
				CLANG_WARN_SUSPICIOUS_MOVE = YES;
				CLANG_WARN_UNGUARDED_AVAILABILITY = YES_AGGRESSIVE;
				CLANG_WARN_UNREACHABLE_CODE = YES;
				CLANG_WARN__DUPLICATE_METHOD_MATCH = YES;
				COPY_PHASE_STRIP = NO;
				DEBUG_INFORMATION_FORMAT = dwarf;
				ENABLE_STRICT_OBJC_MSGSEND = YES;
				ENABLE_TESTABILITY = YES;
				GCC_C_LANGUAGE_STANDARD = gnu11;
				GCC_DYNAMIC_NO_PIC = NO;
				GCC_NO_COMMON_BLOCKS = YES;
				GCC_OPTIMIZATION_LEVEL = 0;
				GCC_PREPROCESSOR_DEFINITIONS = (
					"DEBUG=1",
					"$(inherited)",
				);
				GCC_WARN_64_TO_32_BIT_CONVERSION = YES;
				GCC_WARN_ABOUT_RETURN_TYPE = YES_ERROR;
				GCC_WARN_UNDECLARED_SELECTOR = YES;
				GCC_WARN_UNINITIALIZED_AUTOS = YES_AGGRESSIVE;
				GCC_WARN_UNUSED_FUNCTION = YES;
				GCC_WARN_UNUSED_VARIABLE = YES;
				IPHONEOS_DEPLOYMENT_TARGET = 16.2;
				MTL_ENABLE_DEBUG_INFO = INCLUDE_SOURCE;
				MTL_FAST_MATH = YES;
				ONLY_ACTIVE_ARCH = YES;
				SDKROOT = iphoneos;
				SWIFT_ACTIVE_COMPILATION_CONDITIONS = DEBUG;
				SWIFT_OPTIMIZATION_LEVEL = "-Onone";
			};
			name = Debug;
		};
		1D80D43D296E788C00E0B050 /* Release */ = {
			isa = XCBuildConfiguration;
			buildSettings = {
				ALWAYS_SEARCH_USER_PATHS = NO;
				CLANG_ANALYZER_NONNULL = YES;
				CLANG_ANALYZER_NUMBER_OBJECT_CONVERSION = YES_AGGRESSIVE;
				CLANG_CXX_LANGUAGE_STANDARD = "gnu++20";
				CLANG_ENABLE_MODULES = YES;
				CLANG_ENABLE_OBJC_ARC = YES;
				CLANG_ENABLE_OBJC_WEAK = YES;
				CLANG_WARN_BLOCK_CAPTURE_AUTORELEASING = YES;
				CLANG_WARN_BOOL_CONVERSION = YES;
				CLANG_WARN_COMMA = YES;
				CLANG_WARN_CONSTANT_CONVERSION = YES;
				CLANG_WARN_DEPRECATED_OBJC_IMPLEMENTATIONS = YES;
				CLANG_WARN_DIRECT_OBJC_ISA_USAGE = YES_ERROR;
				CLANG_WARN_DOCUMENTATION_COMMENTS = YES;
				CLANG_WARN_EMPTY_BODY = YES;
				CLANG_WARN_ENUM_CONVERSION = YES;
				CLANG_WARN_INFINITE_RECURSION = YES;
				CLANG_WARN_INT_CONVERSION = YES;
				CLANG_WARN_NON_LITERAL_NULL_CONVERSION = YES;
				CLANG_WARN_OBJC_IMPLICIT_RETAIN_SELF = YES;
				CLANG_WARN_OBJC_LITERAL_CONVERSION = YES;
				CLANG_WARN_OBJC_ROOT_CLASS = YES_ERROR;
				CLANG_WARN_QUOTED_INCLUDE_IN_FRAMEWORK_HEADER = YES;
				CLANG_WARN_RANGE_LOOP_ANALYSIS = YES;
				CLANG_WARN_STRICT_PROTOTYPES = YES;
				CLANG_WARN_SUSPICIOUS_MOVE = YES;
				CLANG_WARN_UNGUARDED_AVAILABILITY = YES_AGGRESSIVE;
				CLANG_WARN_UNREACHABLE_CODE = YES;
				CLANG_WARN__DUPLICATE_METHOD_MATCH = YES;
				COPY_PHASE_STRIP = NO;
				DEBUG_INFORMATION_FORMAT = "dwarf-with-dsym";
				ENABLE_NS_ASSERTIONS = NO;
				ENABLE_STRICT_OBJC_MSGSEND = YES;
				GCC_C_LANGUAGE_STANDARD = gnu11;
				GCC_NO_COMMON_BLOCKS = YES;
				GCC_WARN_64_TO_32_BIT_CONVERSION = YES;
				GCC_WARN_ABOUT_RETURN_TYPE = YES_ERROR;
				GCC_WARN_UNDECLARED_SELECTOR = YES;
				GCC_WARN_UNINITIALIZED_AUTOS = YES_AGGRESSIVE;
				GCC_WARN_UNUSED_FUNCTION = YES;
				GCC_WARN_UNUSED_VARIABLE = YES;
				IPHONEOS_DEPLOYMENT_TARGET = 16.2;
				MTL_ENABLE_DEBUG_INFO = NO;
				MTL_FAST_MATH = YES;
				SDKROOT = iphoneos;
				SWIFT_COMPILATION_MODE = wholemodule;
				SWIFT_OPTIMIZATION_LEVEL = "-O";
				VALIDATE_PRODUCT = YES;
			};
			name = Release;
		};
		1D80D43F296E788C00E0B050 /* Debug */ = {
			isa = XCBuildConfiguration;
			buildSettings = {
				ASSETCATALOG_COMPILER_APPICON_NAME = AppIcon;
				ASSETCATALOG_COMPILER_GLOBAL_ACCENT_COLOR_NAME = AccentColor;
				CODE_SIGN_STYLE = Automatic;
				CURRENT_PROJECT_VERSION = 1;
				DEVELOPMENT_ASSET_PATHS = "\"progressview/Preview Content\"";
				DEVELOPMENT_TEAM = ENCG5MBZ98;
				ENABLE_PREVIEWS = YES;
				GENERATE_INFOPLIST_FILE = YES;
				INFOPLIST_KEY_UIApplicationSceneManifest_Generation = YES;
				INFOPLIST_KEY_UIApplicationSupportsIndirectInputEvents = YES;
				INFOPLIST_KEY_UILaunchScreen_Generation = YES;
				INFOPLIST_KEY_UISupportedInterfaceOrientations_iPad = "UIInterfaceOrientationPortrait UIInterfaceOrientationPortraitUpsideDown UIInterfaceOrientationLandscapeLeft UIInterfaceOrientationLandscapeRight";
				INFOPLIST_KEY_UISupportedInterfaceOrientations_iPhone = "UIInterfaceOrientationPortrait UIInterfaceOrientationLandscapeLeft UIInterfaceOrientationLandscapeRight";
				LD_RUNPATH_SEARCH_PATHS = (
					"$(inherited)",
					"@executable_path/Frameworks",
				);
				MARKETING_VERSION = 1.0;
				PRODUCT_BUNDLE_IDENTIFIER = com.dongyafei.progressview;
				PRODUCT_NAME = "$(TARGET_NAME)";
				SWIFT_EMIT_LOC_STRINGS = YES;
				SWIFT_VERSION = 5.0;
				TARGETED_DEVICE_FAMILY = "1,2";
			};
			name = Debug;
		};
		1D80D440296E788C00E0B050 /* Release */ = {
			isa = XCBuildConfiguration;
			buildSettings = {
				ASSETCATALOG_COMPILER_APPICON_NAME = AppIcon;
				ASSETCATALOG_COMPILER_GLOBAL_ACCENT_COLOR_NAME = AccentColor;
				CODE_SIGN_STYLE = Automatic;
				CURRENT_PROJECT_VERSION = 1;
				DEVELOPMENT_ASSET_PATHS = "\"progressview/Preview Content\"";
				DEVELOPMENT_TEAM = ENCG5MBZ98;
				ENABLE_PREVIEWS = YES;
				GENERATE_INFOPLIST_FILE = YES;
				INFOPLIST_KEY_UIApplicationSceneManifest_Generation = YES;
				INFOPLIST_KEY_UIApplicationSupportsIndirectInputEvents = YES;
				INFOPLIST_KEY_UILaunchScreen_Generation = YES;
				INFOPLIST_KEY_UISupportedInterfaceOrientations_iPad = "UIInterfaceOrientationPortrait UIInterfaceOrientationPortraitUpsideDown UIInterfaceOrientationLandscapeLeft UIInterfaceOrientationLandscapeRight";
				INFOPLIST_KEY_UISupportedInterfaceOrientations_iPhone = "UIInterfaceOrientationPortrait UIInterfaceOrientationLandscapeLeft UIInterfaceOrientationLandscapeRight";
				LD_RUNPATH_SEARCH_PATHS = (
					"$(inherited)",
					"@executable_path/Frameworks",
				);
				MARKETING_VERSION = 1.0;
				PRODUCT_BUNDLE_IDENTIFIER = com.dongyafei.progressview;
				PRODUCT_NAME = "$(TARGET_NAME)";
				SWIFT_EMIT_LOC_STRINGS = YES;
				SWIFT_VERSION = 5.0;
				TARGETED_DEVICE_FAMILY = "1,2";
			};
			name = Release;
		};
		1D80D442296E788C00E0B050 /* Debug */ = {
			isa = XCBuildConfiguration;
			buildSettings = {
				ALWAYS_EMBED_SWIFT_STANDARD_LIBRARIES = YES;
				BUNDLE_LOADER = "$(TEST_HOST)";
				CODE_SIGN_STYLE = Automatic;
				CURRENT_PROJECT_VERSION = 1;
				DEVELOPMENT_TEAM = ENCG5MBZ98;
				GENERATE_INFOPLIST_FILE = YES;
				IPHONEOS_DEPLOYMENT_TARGET = 16.2;
				MARKETING_VERSION = 1.0;
				PRODUCT_BUNDLE_IDENTIFIER = com.dongyafei.progressviewTests;
				PRODUCT_NAME = "$(TARGET_NAME)";
				SWIFT_EMIT_LOC_STRINGS = NO;
				SWIFT_VERSION = 5.0;
				TARGETED_DEVICE_FAMILY = "1,2";
				TEST_HOST = "$(BUILT_PRODUCTS_DIR)/progressview.app/$(BUNDLE_EXECUTABLE_FOLDER_PATH)/progressview";
			};
			name = Debug;
		};
		1D80D443296E788C00E0B050 /* Release */ = {
			isa = XCBuildConfiguration;
			buildSettings = {
				ALWAYS_EMBED_SWIFT_STANDARD_LIBRARIES = YES;
				BUNDLE_LOADER = "$(TEST_HOST)";
				CODE_SIGN_STYLE = Automatic;
				CURRENT_PROJECT_VERSION = 1;
				DEVELOPMENT_TEAM = ENCG5MBZ98;
				GENERATE_INFOPLIST_FILE = YES;
				IPHONEOS_DEPLOYMENT_TARGET = 16.2;
				MARKETING_VERSION = 1.0;
				PRODUCT_BUNDLE_IDENTIFIER = com.dongyafei.progressviewTests;
				PRODUCT_NAME = "$(TARGET_NAME)";
				SWIFT_EMIT_LOC_STRINGS = NO;
				SWIFT_VERSION = 5.0;
				TARGETED_DEVICE_FAMILY = "1,2";
				TEST_HOST = "$(BUILT_PRODUCTS_DIR)/progressview.app/$(BUNDLE_EXECUTABLE_FOLDER_PATH)/progressview";
			};
			name = Release;
		};
		1D80D445296E788C00E0B050 /* Debug */ = {
			isa = XCBuildConfiguration;
			buildSettings = {
				ALWAYS_EMBED_SWIFT_STANDARD_LIBRARIES = YES;
				CODE_SIGN_STYLE = Automatic;
				CURRENT_PROJECT_VERSION = 1;
				DEVELOPMENT_TEAM = ENCG5MBZ98;
				GENERATE_INFOPLIST_FILE = YES;
				MARKETING_VERSION = 1.0;
				PRODUCT_BUNDLE_IDENTIFIER = com.dongyafei.progressviewUITests;
				PRODUCT_NAME = "$(TARGET_NAME)";
				SWIFT_EMIT_LOC_STRINGS = NO;
				SWIFT_VERSION = 5.0;
				TARGETED_DEVICE_FAMILY = "1,2";
				TEST_TARGET_NAME = progressview;
			};
			name = Debug;
		};
		1D80D446296E788C00E0B050 /* Release */ = {
			isa = XCBuildConfiguration;
			buildSettings = {
				ALWAYS_EMBED_SWIFT_STANDARD_LIBRARIES = YES;
				CODE_SIGN_STYLE = Automatic;
				CURRENT_PROJECT_VERSION = 1;
				DEVELOPMENT_TEAM = ENCG5MBZ98;
				GENERATE_INFOPLIST_FILE = YES;
				MARKETING_VERSION = 1.0;
				PRODUCT_BUNDLE_IDENTIFIER = com.dongyafei.progressviewUITests;
				PRODUCT_NAME = "$(TARGET_NAME)";
				SWIFT_EMIT_LOC_STRINGS = NO;
				SWIFT_VERSION = 5.0;
				TARGETED_DEVICE_FAMILY = "1,2";
				TEST_TARGET_NAME = progressview;
			};
			name = Release;
		};
/* End XCBuildConfiguration section */

/* Begin XCConfigurationList section */
		1D80D415296E788800E0B050 /* Build configuration list for PBXProject "progressview" */ = {
			isa = XCConfigurationList;
			buildConfigurations = (
				1D80D43C296E788C00E0B050 /* Debug */,
				1D80D43D296E788C00E0B050 /* Release */,
			);
			defaultConfigurationIsVisible = 0;
			defaultConfigurationName = Release;
		};
		1D80D43E296E788C00E0B050 /* Build configuration list for PBXNativeTarget "progressview" */ = {
			isa = XCConfigurationList;
			buildConfigurations = (
				1D80D43F296E788C00E0B050 /* Debug */,
				1D80D440296E788C00E0B050 /* Release */,
			);
			defaultConfigurationIsVisible = 0;
			defaultConfigurationName = Release;
		};
		1D80D441296E788C00E0B050 /* Build configuration list for PBXNativeTarget "progressviewTests" */ = {
			isa = XCConfigurationList;
			buildConfigurations = (
				1D80D442296E788C00E0B050 /* Debug */,
				1D80D443296E788C00E0B050 /* Release */,
			);
			defaultConfigurationIsVisible = 0;
			defaultConfigurationName = Release;
		};
		1D80D444296E788C00E0B050 /* Build configuration list for PBXNativeTarget "progressviewUITests" */ = {
			isa = XCConfigurationList;
			buildConfigurations = (
				1D80D445296E788C00E0B050 /* Debug */,
				1D80D446296E788C00E0B050 /* Release */,
			);
			defaultConfigurationIsVisible = 0;
			defaultConfigurationName = Release;
		};
/* End XCConfigurationList section */
	};
	rootObject = 1D80D412296E788800E0B050 /* Project object */;
}
